
Microsoft Visual Studio Solution File, Format Version 12.00
# Visual Studio Version 17
VisualStudioVersion = 17.8.34330.188
MinimumVisualStudioVersion = 10.0.40219.1
Project("{FAE04EC0-301F-11D3-BF4B-00C04F79EFBC}") = "Lab2", "Lab2\Lab2.csproj", "{19F255F3-41B7-4F35-86BC-38A3FB56D215}"
EndProject
Global
	GlobalSection(SolutionConfigurationPlatforms) = preSolution
		Debug|Any CPU = Debug|Any CPU
		Release|Any CPU = Release|Any CPU
	EndGlobalSection
	GlobalSection(ProjectConfigurationPlatforms) = postSolution
		{19F255F3-41B7-4F35-86BC-38A3FB56D215}.Debug|Any CPU.ActiveCfg = Debug|Any CPU
		{19F255F3-41B7-4F35-86BC-38A3FB56D215}.Debug|Any CPU.Build.0 = Debug|Any CPU
		{19F255F3-41B7-4F35-86BC-38A3FB56D215}.Release|Any CPU.ActiveCfg = Release|Any CPU
		{19F255F3-41B7-4F35-86BC-38A3FB56D215}.Release|Any CPU.Build.0 = Release|Any CPU
	EndGlobalSection
	GlobalSection(SolutionProperties) = preSolution
		HideSolutionNode = FALSE
	EndGlobalSection
	GlobalSection(ExtensibilityGlobals) = postSolution
		SolutionGuid = {892EBADD-98DE-4224-908F-F8F4FE5EDB4D}
	EndGlobalSection
EndGlobal
